
Microsoft Visual Studio Solution File, Format Version 12.00
# Visual Studio Version 16
VisualStudioVersion = 25.0.1706.1
MinimumVisualStudioVersion = 10.0.40219.1
Project("{2150E333-8FDC-42A3-9474-1A3956D46DE8}") = "Services", "Services", "{28BABC63-7134-4AB2-9AC1-5B09D7FB37E7}"
EndProject
Project("{2150E333-8FDC-42A3-9474-1A3956D46DE8}") = "Shared", "Shared", "{8E0880D5-66FD-4A7C-B21B-6BA287F53C2D}"
EndProject
Project("{FAE04EC0-301F-11D3-BF4B-00C04F79EFBC}") = "K123ShopApp.Core", "Shared\ShopApp.Core\K123ShopApp.Core.csproj", "{4CE0B336-A4A7-4981-B3FB-C064D4F9B54D}"
EndProject
Project("{2150E333-8FDC-42A3-9474-1A3956D46DE8}") = "IdentityService", "IdentityService", "{EE48D1A3-C583-47E0-BCCA-96633153F9C2}"
EndProject
Project("{2150E333-8FDC-42A3-9474-1A3956D46DE8}") = "CatalogService", "CatalogService", "{6E006F09-8E3C-4D03-96E8-CCB24BBFD317}"
EndProject
Project("{2150E333-8FDC-42A3-9474-1A3956D46DE8}") = "OrderService", "OrderService", "{06086E88-7D3F-4C3A-9CF1-F2237CA002BD}"
EndProject
Project("{2150E333-8FDC-42A3-9474-1A3956D46DE8}") = "BasketService", "BasketService", "{B1884E95-CFD6-49CF-A4A5-69AA7C98FFFF}"
EndProject
Project("{FAE04EC0-301F-11D3-BF4B-00C04F79EFBC}") = "IdentityService.Api", "Services\IdentityService\IdentityService.Api\IdentityService.Api.csproj", "{49B56585-A87D-4F84-A7AE-4A8156C71E5D}"
EndProject
Project("{FAE04EC0-301F-11D3-BF4B-00C04F79EFBC}") = "OrderService.Api", "Services\OrderService\OrderService.Api\OrderService.Api.csproj", "{CB7E019C-DC2F-4AD7-9F07-C018B1F19D50}"
EndProject
Project("{FAE04EC0-301F-11D3-BF4B-00C04F79EFBC}") = "CatalogService.Api", "Services\CatalogService\CatalogService.Api\CatalogService.Api.csproj", "{0C2703B8-8532-4F09-9B17-F6AF4A4223CE}"
EndProject
Project("{FAE04EC0-301F-11D3-BF4B-00C04F79EFBC}") = "BasketService.Api", "Services\BasketService\BasketService.Api\BasketService.Api.csproj", "{2CC7BD3A-9354-418C-9B2C-43AE3F4C1BFD}"
EndProject
Project("{FAE04EC0-301F-11D3-BF4B-00C04F79EFBC}") = "EventBus", "Shared\EventBus\EventBus.csproj", "{23507789-1FAD-48E8-B9D7-87EF6CEC849E}"
EndProject
Project("{FAE04EC0-301F-11D3-BF4B-00C04F79EFBC}") = "CatalogService.Business", "Services\CatalogService\CatalogService.Business\CatalogService.Business.csproj", "{8DEC39A2-F1A3-4EB2-B167-C3371F073342}"
EndProject
Project("{FAE04EC0-301F-11D3-BF4B-00C04F79EFBC}") = "CatalogService.DataAccess", "Services\CatalogService\CatalogService.DataAccess\CatalogService.DataAccess.csproj", "{2540B1D1-9ABF-45A2-98C6-0D200051BA74}"
EndProject
Project("{FAE04EC0-301F-11D3-BF4B-00C04F79EFBC}") = "CatalogService.Entities", "Services\CatalogService\CatalogService.Entities\CatalogService.Entities.csproj", "{1369B654-4B02-4EBE-A53B-7C085AB4D50B}"
EndProject
Project("{2150E333-8FDC-42A3-9474-1A3956D46DE8}") = "UploadService", "UploadService", "{CA87D1BA-6246-440E-8B64-26A1984AEC34}"
EndProject
Project("{FAE04EC0-301F-11D3-BF4B-00C04F79EFBC}") = "UploadService.Api", "Services\UploadService\UploadService.Api\UploadService.Api.csproj", "{B228003D-A9E2-46DD-A489-CC179FC0BA1B}"
EndProject
Project("{2150E333-8FDC-42A3-9474-1A3956D46DE8}") = "ApiGateways", "ApiGateways", "{3EBB08A7-C00F-43A5-9A72-CC0A7AC63CF2}"
EndProject
Project("{FAE04EC0-301F-11D3-BF4B-00C04F79EFBC}") = "ApiGateway.Api", "ApiGateways\ApiGateway.Api\ApiGateway.Api.csproj", "{7CD0B710-5486-45A7-B6BF-203B983A4A32}"
EndProject
Project("{2150E333-8FDC-42A3-9474-1A3956D46DE8}") = "Clients", "Clients", "{9BB3F180-CE3F-4DFE-8875-3C3A56DA812C}"
EndProject
Project("{FAE04EC0-301F-11D3-BF4B-00C04F79EFBC}") = "Shop.WebUI", "Clients\Shop.WebUI\Shop.WebUI.csproj", "{A8071D7E-9E46-4B01-8259-99DA7B10CB76}"
EndProject
Global
	GlobalSection(SolutionConfigurationPlatforms) = preSolution
		Debug|Any CPU = Debug|Any CPU
		Release|Any CPU = Release|Any CPU
	EndGlobalSection
	GlobalSection(ProjectConfigurationPlatforms) = postSolution
		{4CE0B336-A4A7-4981-B3FB-C064D4F9B54D}.Debug|Any CPU.ActiveCfg = Debug|Any CPU
		{4CE0B336-A4A7-4981-B3FB-C064D4F9B54D}.Debug|Any CPU.Build.0 = Debug|Any CPU
		{4CE0B336-A4A7-4981-B3FB-C064D4F9B54D}.Release|Any CPU.ActiveCfg = Release|Any CPU
		{4CE0B336-A4A7-4981-B3FB-C064D4F9B54D}.Release|Any CPU.Build.0 = Release|Any CPU
		{49B56585-A87D-4F84-A7AE-4A8156C71E5D}.Debug|Any CPU.ActiveCfg = Debug|Any CPU
		{49B56585-A87D-4F84-A7AE-4A8156C71E5D}.Debug|Any CPU.Build.0 = Debug|Any CPU
		{49B56585-A87D-4F84-A7AE-4A8156C71E5D}.Release|Any CPU.ActiveCfg = Release|Any CPU
		{49B56585-A87D-4F84-A7AE-4A8156C71E5D}.Release|Any CPU.Build.0 = Release|Any CPU
		{CB7E019C-DC2F-4AD7-9F07-C018B1F19D50}.Debug|Any CPU.ActiveCfg = Debug|Any CPU
		{CB7E019C-DC2F-4AD7-9F07-C018B1F19D50}.Debug|Any CPU.Build.0 = Debug|Any CPU
		{CB7E019C-DC2F-4AD7-9F07-C018B1F19D50}.Release|Any CPU.ActiveCfg = Release|Any CPU
		{CB7E019C-DC2F-4AD7-9F07-C018B1F19D50}.Release|Any CPU.Build.0 = Release|Any CPU
		{0C2703B8-8532-4F09-9B17-F6AF4A4223CE}.Debug|Any CPU.ActiveCfg = Debug|Any CPU
		{0C2703B8-8532-4F09-9B17-F6AF4A4223CE}.Debug|Any CPU.Build.0 = Debug|Any CPU
		{0C2703B8-8532-4F09-9B17-F6AF4A4223CE}.Release|Any CPU.ActiveCfg = Release|Any CPU
		{0C2703B8-8532-4F09-9B17-F6AF4A4223CE}.Release|Any CPU.Build.0 = Release|Any CPU
		{2CC7BD3A-9354-418C-9B2C-43AE3F4C1BFD}.Debug|Any CPU.ActiveCfg = Debug|Any CPU
		{2CC7BD3A-9354-418C-9B2C-43AE3F4C1BFD}.Debug|Any CPU.Build.0 = Debug|Any CPU
		{2CC7BD3A-9354-418C-9B2C-43AE3F4C1BFD}.Release|Any CPU.ActiveCfg = Release|Any CPU
		{2CC7BD3A-9354-418C-9B2C-43AE3F4C1BFD}.Release|Any CPU.Build.0 = Release|Any CPU
		{23507789-1FAD-48E8-B9D7-87EF6CEC849E}.Debug|Any CPU.ActiveCfg = Debug|Any CPU
		{23507789-1FAD-48E8-B9D7-87EF6CEC849E}.Debug|Any CPU.Build.0 = Debug|Any CPU
		{23507789-1FAD-48E8-B9D7-87EF6CEC849E}.Release|Any CPU.ActiveCfg = Release|Any CPU
		{23507789-1FAD-48E8-B9D7-87EF6CEC849E}.Release|Any CPU.Build.0 = Release|Any CPU
		{8DEC39A2-F1A3-4EB2-B167-C3371F073342}.Debug|Any CPU.ActiveCfg = Debug|Any CPU
		{8DEC39A2-F1A3-4EB2-B167-C3371F073342}.Debug|Any CPU.Build.0 = Debug|Any CPU
		{8DEC39A2-F1A3-4EB2-B167-C3371F073342}.Release|Any CPU.ActiveCfg = Release|Any CPU
		{8DEC39A2-F1A3-4EB2-B167-C3371F073342}.Release|Any CPU.Build.0 = Release|Any CPU
		{2540B1D1-9ABF-45A2-98C6-0D200051BA74}.Debug|Any CPU.ActiveCfg = Debug|Any CPU
		{2540B1D1-9ABF-45A2-98C6-0D200051BA74}.Debug|Any CPU.Build.0 = Debug|Any CPU
		{2540B1D1-9ABF-45A2-98C6-0D200051BA74}.Release|Any CPU.ActiveCfg = Release|Any CPU
		{2540B1D1-9ABF-45A2-98C6-0D200051BA74}.Release|Any CPU.Build.0 = Release|Any CPU
		{1369B654-4B02-4EBE-A53B-7C085AB4D50B}.Debug|Any CPU.ActiveCfg = Debug|Any CPU
		{1369B654-4B02-4EBE-A53B-7C085AB4D50B}.Debug|Any CPU.Build.0 = Debug|Any CPU
		{1369B654-4B02-4EBE-A53B-7C085AB4D50B}.Release|Any CPU.ActiveCfg = Release|Any CPU
		{1369B654-4B02-4EBE-A53B-7C085AB4D50B}.Release|Any CPU.Build.0 = Release|Any CPU
		{B228003D-A9E2-46DD-A489-CC179FC0BA1B}.Debug|Any CPU.ActiveCfg = Debug|Any CPU
		{B228003D-A9E2-46DD-A489-CC179FC0BA1B}.Debug|Any CPU.Build.0 = Debug|Any CPU
		{B228003D-A9E2-46DD-A489-CC179FC0BA1B}.Release|Any CPU.ActiveCfg = Release|Any CPU
		{B228003D-A9E2-46DD-A489-CC179FC0BA1B}.Release|Any CPU.Build.0 = Release|Any CPU
		{7CD0B710-5486-45A7-B6BF-203B983A4A32}.Debug|Any CPU.ActiveCfg = Debug|Any CPU
		{7CD0B710-5486-45A7-B6BF-203B983A4A32}.Debug|Any CPU.Build.0 = Debug|Any CPU
		{7CD0B710-5486-45A7-B6BF-203B983A4A32}.Release|Any CPU.ActiveCfg = Release|Any CPU
		{7CD0B710-5486-45A7-B6BF-203B983A4A32}.Release|Any CPU.Build.0 = Release|Any CPU
		{A8071D7E-9E46-4B01-8259-99DA7B10CB76}.Debug|Any CPU.ActiveCfg = Debug|Any CPU
		{A8071D7E-9E46-4B01-8259-99DA7B10CB76}.Debug|Any CPU.Build.0 = Debug|Any CPU
		{A8071D7E-9E46-4B01-8259-99DA7B10CB76}.Release|Any CPU.ActiveCfg = Release|Any CPU
		{A8071D7E-9E46-4B01-8259-99DA7B10CB76}.Release|Any CPU.Build.0 = Release|Any CPU
	EndGlobalSection
	GlobalSection(SolutionProperties) = preSolution
		HideSolutionNode = FALSE
	EndGlobalSection
	GlobalSection(ExtensibilityGlobals) = postSolution
		SolutionGuid = {665F37D0-31F7-4A8B-882B-0296028E1EC9}
	EndGlobalSection
	GlobalSection(NestedProjects) = preSolution
		{4CE0B336-A4A7-4981-B3FB-C064D4F9B54D} = {8E0880D5-66FD-4A7C-B21B-6BA287F53C2D}
		{EE48D1A3-C583-47E0-BCCA-96633153F9C2} = {28BABC63-7134-4AB2-9AC1-5B09D7FB37E7}
		{6E006F09-8E3C-4D03-96E8-CCB24BBFD317} = {28BABC63-7134-4AB2-9AC1-5B09D7FB37E7}
		{06086E88-7D3F-4C3A-9CF1-F2237CA002BD} = {28BABC63-7134-4AB2-9AC1-5B09D7FB37E7}
		{B1884E95-CFD6-49CF-A4A5-69AA7C98FFFF} = {28BABC63-7134-4AB2-9AC1-5B09D7FB37E7}
		{49B56585-A87D-4F84-A7AE-4A8156C71E5D} = {EE48D1A3-C583-47E0-BCCA-96633153F9C2}
		{CB7E019C-DC2F-4AD7-9F07-C018B1F19D50} = {06086E88-7D3F-4C3A-9CF1-F2237CA002BD}
		{0C2703B8-8532-4F09-9B17-F6AF4A4223CE} = {6E006F09-8E3C-4D03-96E8-CCB24BBFD317}
		{2CC7BD3A-9354-418C-9B2C-43AE3F4C1BFD} = {B1884E95-CFD6-49CF-A4A5-69AA7C98FFFF}
		{23507789-1FAD-48E8-B9D7-87EF6CEC849E} = {8E0880D5-66FD-4A7C-B21B-6BA287F53C2D}
		{8DEC39A2-F1A3-4EB2-B167-C3371F073342} = {6E006F09-8E3C-4D03-96E8-CCB24BBFD317}
		{2540B1D1-9ABF-45A2-98C6-0D200051BA74} = {6E006F09-8E3C-4D03-96E8-CCB24BBFD317}
		{1369B654-4B02-4EBE-A53B-7C085AB4D50B} = {6E006F09-8E3C-4D03-96E8-CCB24BBFD317}
		{CA87D1BA-6246-440E-8B64-26A1984AEC34} = {28BABC63-7134-4AB2-9AC1-5B09D7FB37E7}
		{B228003D-A9E2-46DD-A489-CC179FC0BA1B} = {CA87D1BA-6246-440E-8B64-26A1984AEC34}
		{7CD0B710-5486-45A7-B6BF-203B983A4A32} = {3EBB08A7-C00F-43A5-9A72-CC0A7AC63CF2}
		{A8071D7E-9E46-4B01-8259-99DA7B10CB76} = {9BB3F180-CE3F-4DFE-8875-3C3A56DA812C}
	EndGlobalSection
EndGlobal
